// !$*UTF8*$!
{
	archiveVersion = 1;
	classes = {
	};
	objectVersion = 63;
	objects = {

/* Begin PBXBuildFile section */
		1EAB9D55C3F91C9D13C8CF77 /* GomokuAppMain.swift in Sources */ = {isa = PBXBuildFile; fileRef = 6CE094C5F724798ABA67F172 /* GomokuAppMain.swift */; };
		22B9C4046BFA60BC5C5EB01A /* ContentView.swift in Sources */ = {isa = PBXBuildFile; fileRef = EB4F76523A88DDD7ACBF4D9F /* ContentView.swift */; };
		6CBA769E9535135F7F44A95C /* GomokuView.swift in Sources */ = {isa = PBXBuildFile; fileRef = B99520765570C7B3F298D3D2 /* GomokuView.swift */; };
		B66C647A758AD8F7CEC2F523 /* SkillEffectView.swift in Sources */ = {isa = PBXBuildFile; fileRef = 780374E24C47AC72CCDD5B38 /* SkillEffectView.swift */; };
		BEE09C15227C3C16601218D6 /* GomokuGame.swift in Sources */ = {isa = PBXBuildFile; fileRef = 4DC68BD92F7471EFB06DBDC7 /* GomokuGame.swift */; };
		FD6526FA4E3B6BD2214F87FD /* SoundEffectManager.swift in Sources */ = {isa = PBXBuildFile; fileRef = 43617D4126E16C766E3F117C /* SoundEffectManager.swift */; };
/* End PBXBuildFile section */

/* Begin PBXFileReference section */
		43617D4126E16C766E3F117C /* SoundEffectManager.swift */ = {isa = PBXFileReference; lastKnownFileType = sourcecode.swift; path = SoundEffectManager.swift; sourceTree = "<group>"; };
		4DC68BD92F7471EFB06DBDC7 /* GomokuGame.swift */ = {isa = PBXFileReference; lastKnownFileType = sourcecode.swift; path = GomokuGame.swift; sourceTree = "<group>"; };
		6CE094C5F724798ABA67F172 /* GomokuAppMain.swift */ = {isa = PBXFileReference; lastKnownFileType = sourcecode.swift; path = GomokuAppMain.swift; sourceTree = "<group>"; };
		780374E24C47AC72CCDD5B38 /* SkillEffectView.swift */ = {isa = PBXFileReference; lastKnownFileType = sourcecode.swift; path = SkillEffectView.swift; sourceTree = "<group>"; };
		7AB1635A060A000D545C3E3A /* Gomoku.app */ = {isa = PBXFileReference; explicitFileType = wrapper.application; includeInIndex = 0; path = Gomoku.app; sourceTree = BUILT_PRODUCTS_DIR; };
		A1B2C3D4E5F67890A1B2C3D4 /* Assets.xcassets */ = {isa = PBXFileReference; lastKnownFileType = folder.assetcatalog; path = Assets.xcassets; sourceTree = "<group>"; };
		B99520765570C7B3F298D3D2 /* GomokuView.swift */ = {isa = PBXFileReference; lastKnownFileType = sourcecode.swift; path = GomokuView.swift; sourceTree = "<group>"; };
		BD92F1C985096EE309C7A684 /* Info.plist */ = {isa = PBXFileReference; lastKnownFileType = text.plist; path = Info.plist; sourceTree = "<group>"; };
		EB4F76523A88DDD7ACBF4D9F /* ContentView.swift */ = {isa = PBXFileReference; lastKnownFileType = sourcecode.swift; path = ContentView.swift; sourceTree = "<group>"; };
/* End PBXFileReference section */

/* Begin PBXGroup section */
		10FE08F37C32E5DB00FE42A7 /* GomokuApp */ = {
			isa = PBXGroup;
			children = (
				A1B2C3D4E5F67890A1B2C3D4 /* Assets.xcassets */,
				EB4F76523A88DDD7ACBF4D9F /* ContentView.swift */,
				6CE094C5F724798ABA67F172 /* GomokuAppMain.swift */,
				4DC68BD92F7471EFB06DBDC7 /* GomokuGame.swift */,
				B99520765570C7B3F298D3D2 /* GomokuView.swift */,
				BD92F1C985096EE309C7A684 /* Info.plist */,
				780374E24C47AC72CCDD5B38 /* SkillEffectView.swift */,
				43617D4126E16C766E3F117C /* SoundEffectManager.swift */,
			);
			path = GomokuApp;
			sourceTree = "<group>";
		};
		4629D17B6B78B2DEDC9FD3D6 = {
			isa = PBXGroup;
			children = (
				10FE08F37C32E5DB00FE42A7 /* GomokuApp */,
				AE692D6AA6716B27913FE459 /* Products */,
			);
			sourceTree = "<group>";
		};
		AE692D6AA6716B27913FE459 /* Products */ = {
			isa = PBXGroup;
			children = (
				7AB1635A060A000D545C3E3A /* Gomoku.app */,
			);
			name = Products;
			sourceTree = "<group>";
		};
/* End PBXGroup section */

/* Begin PBXNativeTarget section */
		45600D355B9F3A5B6375806B /* Gomoku */ = {
			isa = PBXNativeTarget;
			buildConfigurationList = 8B103D21A6CE3A974FE9BB5B /* Build configuration list for PBXNativeTarget "Gomoku" */;
			buildPhases = (
				92F074D675C0D4DBD0A07D1B /* Sources */,
			);
			buildRules = (
			);
			dependencies = (
			);
			name = Gomoku;
			packageProductDependencies = (
			);
			productName = Gomoku;
			productReference = 7AB1635A060A000D545C3E3A /* Gomoku.app */;
			productType = "com.apple.product-type.application";
		};
/* End PBXNativeTarget section */

/* Begin PBXProject section */
		B9B819F98D59E5348C04C332 /* Project object */ = {
			isa = PBXProject;
			attributes = {
				BuildIndependentTargetsInParallel = YES;
				LastUpgradeCheck = 1430;
			};
			buildConfigurationList = 3536A4744DD7550C726A437F /* Build configuration list for PBXProject "Gomoku" */;
			compatibilityVersion = "Xcode 14.0";
			developmentRegion = en;
			hasScannedForEncodings = 0;
			knownRegions = (
				Base,
				en,
			);
			mainGroup = 4629D17B6B78B2DEDC9FD3D6;
			minimizedProjectReferenceProxies = 1;
			projectDirPath = "";
			projectRoot = "";
			targets = (
				45600D355B9F3A5B6375806B /* Gomoku */,
			);
		};
/* End PBXProject section */

/* Begin PBXSourcesBuildPhase section */
		92F074D675C0D4DBD0A07D1B /* Sources */ = {
			isa = PBXSourcesBuildPhase;
			buildActionMask = 2147483647;
			files = (
				22B9C4046BFA60BC5C5EB01A /* ContentView.swift in Sources */,
				1EAB9D55C3F91C9D13C8CF77 /* GomokuAppMain.swift in Sources */,
				BEE09C15227C3C16601218D6 /* GomokuGame.swift in Sources */,
				6CBA769E9535135F7F44A95C /* GomokuView.swift in Sources */,
				B66C647A758AD8F7CEC2F523 /* SkillEffectView.swift in Sources */,
				FD6526FA4E3B6BD2214F87FD /* SoundEffectManager.swift in Sources */,
			);
			runOnlyForDeploymentPostprocessing = 0;
		};
/* End PBXSourcesBuildPhase section */

/* Begin XCBuildConfiguration section */
		19D3264FC6D2552E923DE1CD /* Debug */ = {
			isa = XCBuildConfiguration;
			buildSettings = {
				ALWAYS_SEARCH_USER_PATHS = NO;
				CLANG_ANALYZER_NONNULL = YES;
				CLANG_ANALYZER_NUMBER_OBJECT_CONVERSION = YES_AGGRESSIVE;
				CLANG_CXX_LANGUAGE_STANDARD = "gnu++14";
				CLANG_CXX_LIBRARY = "libc++";
				CLANG_ENABLE_MODULES = YES;
				CLANG_ENABLE_OBJC_ARC = YES;
				CLANG_ENABLE_OBJC_WEAK = YES;
				CLANG_WARN_BLOCK_CAPTURE_AUTORELEASING = YES;
				CLANG_WARN_BOOL_CONVERSION = YES;
				CLANG_WARN_COMMA = YES;
				CLANG_WARN_CONSTANT_CONVERSION = YES;
				CLANG_WARN_DEPRECATED_OBJC_IMPLEMENTATIONS = YES;
				CLANG_WARN_DIRECT_OBJC_ISA_USAGE = YES_ERROR;
				CLANG_WARN_DOCUMENTATION_COMMENTS = YES;
				CLANG_WARN_EMPTY_BODY = YES;
				CLANG_WARN_ENUM_CONVERSION = YES;
				CLANG_WARN_INFINITE_RECURSION = YES;
				CLANG_WARN_INT_CONVERSION = YES;
				CLANG_WARN_NON_LITERAL_NULL_CONVERSION = YES;
				CLANG_WARN_OBJC_IMPLICIT_RETAIN_SELF = YES;
				CLANG_WARN_OBJC_LITERAL_CONVERSION = YES;
				CLANG_WARN_OBJC_ROOT_CLASS = YES_ERROR;
				CLANG_WARN_QUOTED_INCLUDE_IN_FRAMEWORK_HEADER = YES;
				CLANG_WARN_RANGE_LOOP_ANALYSIS = YES;
				CLANG_WARN_STRICT_PROTOTYPES = YES;
				CLANG_WARN_SUSPICIOUS_MOVE = YES;
				CLANG_WARN_UNGUARDED_AVAILABILITY = YES_AGGRESSIVE;
				CLANG_WARN_UNREACHABLE_CODE = YES;
				CLANG_WARN__DUPLICATE_METHOD_MATCH = YES;
				COPY_PHASE_STRIP = NO;
				DEBUG_INFORMATION_FORMAT = dwarf;
				ENABLE_STRICT_OBJC_MSGSEND = YES;
				ENABLE_TESTABILITY = YES;
				GCC_C_LANGUAGE_STANDARD = gnu11;
				GCC_DYNAMIC_NO_PIC = NO;
				GCC_NO_COMMON_BLOCKS = YES;
				GCC_OPTIMIZATION_LEVEL = 0;
				GCC_PREPROCESSOR_DEFINITIONS = (
					"$(inherited)",
					"DEBUG=1",
				);
				GCC_WARN_64_TO_32_BIT_CONVERSION = YES;
				GCC_WARN_ABOUT_RETURN_TYPE = YES_ERROR;
				GCC_WARN_UNDECLARED_SELECTOR = YES;
				GCC_WARN_UNINITIALIZED_AUTOS = YES_AGGRESSIVE;
				GCC_WARN_UNUSED_FUNCTION = YES;
				GCC_WARN_UNUSED_VARIABLE = YES;
				IPHONEOS_DEPLOYMENT_TARGET = 15.0;
				MTL_ENABLE_DEBUG_INFO = INCLUDE_SOURCE;
				MTL_FAST_MATH = YES;
				ONLY_ACTIVE_ARCH = YES;
				PRODUCT_NAME = "$(TARGET_NAME)";
				SDKROOT = iphoneos;
				SWIFT_ACTIVE_COMPILATION_CONDITIONS = DEBUG;
				SWIFT_OPTIMIZATION_LEVEL = "-Onone";
				SWIFT_VERSION = 5.0;
			};
			name = Debug;
		};
		1C6F12C35DBB926D57369D78 /* Release */ = {
			isa = XCBuildConfiguration;
			buildSettings = {
				ALWAYS_SEARCH_USER_PATHS = NO;
				CLANG_ANALYZER_NONNULL = YES;
				CLANG_ANALYZER_NUMBER_OBJECT_CONVERSION = YES_AGGRESSIVE;
				CLANG_CXX_LANGUAGE_STANDARD = "gnu++14";
				CLANG_CXX_LIBRARY = "libc++";
				CLANG_ENABLE_MODULES = YES;
				CLANG_ENABLE_OBJC_ARC = YES;
				CLANG_ENABLE_OBJC_WEAK = YES;
				CLANG_WARN_BLOCK_CAPTURE_AUTORELEASING = YES;
				CLANG_WARN_BOOL_CONVERSION = YES;
				CLANG_WARN_COMMA = YES;
				CLANG_WARN_CONSTANT_CONVERSION = YES;
				CLANG_WARN_DEPRECATED_OBJC_IMPLEMENTATIONS = YES;
				CLANG_WARN_DIRECT_OBJC_ISA_USAGE = YES_ERROR;
				CLANG_WARN_DOCUMENTATION_COMMENTS = YES;
				CLANG_WARN_EMPTY_BODY = YES;
				CLANG_WARN_ENUM_CONVERSION = YES;
				CLANG_WARN_INFINITE_RECURSION = YES;
				CLANG_WARN_INT_CONVERSION = YES;
				CLANG_WARN_NON_LITERAL_NULL_CONVERSION = YES;
				CLANG_WARN_OBJC_IMPLICIT_RETAIN_SELF = YES;
				CLANG_WARN_OBJC_LITERAL_CONVERSION = YES;
				CLANG_WARN_OBJC_ROOT_CLASS = YES_ERROR;
				CLANG_WARN_QUOTED_INCLUDE_IN_FRAMEWORK_HEADER = YES;
				CLANG_WARN_RANGE_LOOP_ANALYSIS = YES;
				CLANG_WARN_STRICT_PROTOTYPES = YES;
				CLANG_WARN_SUSPICIOUS_MOVE = YES;
				CLANG_WARN_UNGUARDED_AVAILABILITY = YES_AGGRESSIVE;
				CLANG_WARN_UNREACHABLE_CODE = YES;
				CLANG_WARN__DUPLICATE_METHOD_MATCH = YES;
				COPY_PHASE_STRIP = NO;
				DEBUG_INFORMATION_FORMAT = "dwarf-with-dsym";
				ENABLE_NS_ASSERTIONS = NO;
				ENABLE_STRICT_OBJC_MSGSEND = YES;
				GCC_C_LANGUAGE_STANDARD = gnu11;
				GCC_NO_COMMON_BLOCKS = YES;
				GCC_WARN_64_TO_32_BIT_CONVERSION = YES;
				GCC_WARN_ABOUT_RETURN_TYPE = YES_ERROR;
				GCC_WARN_UNDECLARED_SELECTOR = YES;
				GCC_WARN_UNINITIALIZED_AUTOS = YES_AGGRESSIVE;
				GCC_WARN_UNUSED_FUNCTION = YES;
				GCC_WARN_UNUSED_VARIABLE = YES;
				IPHONEOS_DEPLOYMENT_TARGET = 15.0;
				MTL_ENABLE_DEBUG_INFO = NO;
				MTL_FAST_MATH = YES;
				PRODUCT_NAME = "$(TARGET_NAME)";
				SDKROOT = iphoneos;
				SWIFT_COMPILATION_MODE = wholemodule;
				SWIFT_OPTIMIZATION_LEVEL = "-O";
				SWIFT_VERSION = 5.0;
			};
			name = Release;
		};
		43A4731002980802A77B9878 /* Debug */ = {
			isa = XCBuildConfiguration;
			buildSettings = {
				ASSETCATALOG_COMPILER_APPICON_NAME = AppIcon;
				CODE_SIGN_IDENTITY = "iPhone Developer";
				DEVELOPMENT_TEAM = 5UNSK89B9M;
				INFOPLIST_FILE = GomokuApp/Info.plist;
				LD_RUNPATH_SEARCH_PATHS = (
					"$(inherited)",
					"@executable_path/Frameworks",
				);
				PRODUCT_BUNDLE_IDENTIFIER = com.jineng.gomoku;
				SDKROOT = iphoneos;
				SUPPORTS_MACCATALYST = NO;
				TARGETED_DEVICE_FAMILY = "1,2";
			};
			name = Debug;
		};
		8E63095FC421CBDC2AEEB11E /* Release */ = {
			isa = XCBuildConfiguration;
			buildSettings = {
				ASSETCATALOG_COMPILER_APPICON_NAME = AppIcon;
				CODE_SIGN_IDENTITY = "iPhone Developer";
				DEVELOPMENT_TEAM = 5UNSK89B9M;
				INFOPLIST_FILE = GomokuApp/Info.plist;
				LD_RUNPATH_SEARCH_PATHS = (
					"$(inherited)",
					"@executable_path/Frameworks",
				);
				PRODUCT_BUNDLE_IDENTIFIER = com.jineng.gomoku;
				SDKROOT = iphoneos;
				SUPPORTS_MACCATALYST = NO;
				TARGETED_DEVICE_FAMILY = "1,2";
			};
			name = Release;
		};
/* End XCBuildConfiguration section */

/* Begin XCConfigurationList section */
		3536A4744DD7550C726A437F /* Build configuration list for PBXProject "Gomoku" */ = {
			isa = XCConfigurationList;
			buildConfigurations = (
				19D3264FC6D2552E923DE1CD /* Debug */,
				1C6F12C35DBB926D57369D78 /* Release */,
			);
			defaultConfigurationIsVisible = 0;
			defaultConfigurationName = Debug;
		};
		8B103D21A6CE3A974FE9BB5B /* Build configuration list for PBXNativeTarget "Gomoku" */ = {
			isa = XCConfigurationList;
			buildConfigurations = (
				43A4731002980802A77B9878 /* Debug */,
				8E63095FC421CBDC2AEEB11E /* Release */,
			);
			defaultConfigurationIsVisible = 0;
			defaultConfigurationName = Debug;
		};
/* End XCConfigurationList section */
	};
	rootObject = B9B819F98D59E5348C04C332 /* Project object */;
}
